
Microsoft Visual Studio Solution File, Format Version 12.00
# Visual Studio Version 17
VisualStudioVersion = 17.5.33516.290
MinimumVisualStudioVersion = 10.0.40219.1
Project("{9A19103F-16F7-4668-BE54-9A1E7A4F7556}") = "AdoPet", "AdoPet.csproj", "{5273A698-5D2E-4BA7-BB4C-831F3B50FA36}"
EndProject
Project("{FAE04EC0-301F-11D3-BF4B-00C04F79EFBC}") = "AdoPet.Testes", "..\AdoPet.Testes\AdoPet.Testes.csproj", "{EB3A86BB-1473-419B-958D-26ED8691E8A4}"
EndProject
Global
	GlobalSection(SolutionConfigurationPlatforms) = preSolution
		Debug|Any CPU = Debug|Any CPU
		Release|Any CPU = Release|Any CPU
	EndGlobalSection
	GlobalSection(ProjectConfigurationPlatforms) = postSolution
		{5273A698-5D2E-4BA7-BB4C-831F3B50FA36}.Debug|Any CPU.ActiveCfg = Debug|Any CPU
		{5273A698-5D2E-4BA7-BB4C-831F3B50FA36}.Debug|Any CPU.Build.0 = Debug|Any CPU
		{5273A698-5D2E-4BA7-BB4C-831F3B50FA36}.Release|Any CPU.ActiveCfg = Release|Any CPU
		{5273A698-5D2E-4BA7-BB4C-831F3B50FA36}.Release|Any CPU.Build.0 = Release|Any CPU
		{EB3A86BB-1473-419B-958D-26ED8691E8A4}.Debug|Any CPU.ActiveCfg = Debug|Any CPU
		{EB3A86BB-1473-419B-958D-26ED8691E8A4}.Debug|Any CPU.Build.0 = Debug|Any CPU
		{EB3A86BB-1473-419B-958D-26ED8691E8A4}.Release|Any CPU.ActiveCfg = Release|Any CPU
		{EB3A86BB-1473-419B-958D-26ED8691E8A4}.Release|Any CPU.Build.0 = Release|Any CPU
	EndGlobalSection
	GlobalSection(SolutionProperties) = preSolution
		HideSolutionNode = FALSE
	EndGlobalSection
	GlobalSection(ExtensibilityGlobals) = postSolution
		SolutionGuid = {23F73D9B-B0AA-4B2B-8C0D-58F6533EFEB4}
	EndGlobalSection
EndGlobal
