
Microsoft Visual Studio Solution File, Format Version 12.00
# Visual Studio Version 17
VisualStudioVersion = 17.5.33516.290
MinimumVisualStudioVersion = 10.0.40219.1
Project("{FAE04EC0-301F-11D3-BF4B-00C04F79EFBC}") = "DesafioAlura", "DesafioAlura.csproj", "{5273A698-5D2E-4BA7-BB4C-831F3B50FA36}"
EndProject
Global
	GlobalSection(SolutionConfigurationPlatforms) = preSolution
		Debug|Any CPU = Debug|Any CPU
		Release|Any CPU = Release|Any CPU
	EndGlobalSection
	GlobalSection(ProjectConfigurationPlatforms) = postSolution
		{5273A698-5D2E-4BA7-BB4C-831F3B50FA36}.Debug|Any CPU.ActiveCfg = Debug|Any CPU
		{5273A698-5D2E-4BA7-BB4C-831F3B50FA36}.Debug|Any CPU.Build.0 = Debug|Any CPU
		{5273A698-5D2E-4BA7-BB4C-831F3B50FA36}.Release|Any CPU.ActiveCfg = Release|Any CPU
		{5273A698-5D2E-4BA7-BB4C-831F3B50FA36}.Release|Any CPU.Build.0 = Release|Any CPU
	EndGlobalSection
	GlobalSection(SolutionProperties) = preSolution
		HideSolutionNode = FALSE
	EndGlobalSection
	GlobalSection(ExtensibilityGlobals) = postSolution
		SolutionGuid = {23F73D9B-B0AA-4B2B-8C0D-58F6533EFEB4}
	EndGlobalSection
EndGlobal
